
Microsoft Visual Studio Solution File, Format Version 12.00
# Visual Studio 15
VisualStudioVersion = 15.0.26730.16
MinimumVisualStudioVersion = 10.0.40219.1
Project("{8BC9CEB8-8B4A-11D0-8D11-00A0C91BC942}") = "sumo_opencv", "sumo_opencv\sumo_opencv.vcxproj", "{9C6568C9-C18E-4A61-8B82-820063F01271}"
EndProject
Global
	GlobalSection(SolutionConfigurationPlatforms) = preSolution
		Debug|x64 = Debug|x64
		Debug|x86 = Debug|x86
		Release|x64 = Release|x64
		Release|x86 = Release|x86
	EndGlobalSection
	GlobalSection(ProjectConfigurationPlatforms) = postSolution
		{9C6568C9-C18E-4A61-8B82-820063F01271}.Debug|x64.ActiveCfg = Debug|x64
		{9C6568C9-C18E-4A61-8B82-820063F01271}.Debug|x64.Build.0 = Debug|x64
		{9C6568C9-C18E-4A61-8B82-820063F01271}.Debug|x86.ActiveCfg = Debug|Win32
		{9C6568C9-C18E-4A61-8B82-820063F01271}.Debug|x86.Build.0 = Debug|Win32
		{9C6568C9-C18E-4A61-8B82-820063F01271}.Release|x64.ActiveCfg = Release|x64
		{9C6568C9-C18E-4A61-8B82-820063F01271}.Release|x64.Build.0 = Release|x64
		{9C6568C9-C18E-4A61-8B82-820063F01271}.Release|x86.ActiveCfg = Release|Win32
		{9C6568C9-C18E-4A61-8B82-820063F01271}.Release|x86.Build.0 = Release|Win32
	EndGlobalSection
	GlobalSection(SolutionProperties) = preSolution
		HideSolutionNode = FALSE
	EndGlobalSection
	GlobalSection(ExtensibilityGlobals) = postSolution
		SolutionGuid = {D082F388-098C-42CB-9D2A-EE6BC6D3531F}
	EndGlobalSection
EndGlobal
